// !$*UTF8*$!
{
	archiveVersion = 1;
	classes = {
	};
	objectVersion = 46;
	objects = {

/* Begin PBXBuildFile section */
		1A2115721D2F49E100463A7B /* JMAirKiss.framework in Frameworks */ = {isa = PBXBuildFile; fileRef = 1A2115711D2F499900463A7B /* JMAirKiss.framework */; };
		1A98DB111C86E518003475B4 /* main.m in Sources */ = {isa = PBXBuildFile; fileRef = 1A98DB101C86E518003475B4 /* main.m */; };
		1A98DB141C86E518003475B4 /* AppDelegate.m in Sources */ = {isa = PBXBuildFile; fileRef = 1A98DB131C86E518003475B4 /* AppDelegate.m */; };
		1A98DB171C86E518003475B4 /* ViewController.m in Sources */ = {isa = PBXBuildFile; fileRef = 1A98DB161C86E518003475B4 /* ViewController.m */; };
		1A98DB1A1C86E518003475B4 /* Main.storyboard in Resources */ = {isa = PBXBuildFile; fileRef = 1A98DB181C86E518003475B4 /* Main.storyboard */; };
		1A98DB1C1C86E518003475B4 /* Assets.xcassets in Resources */ = {isa = PBXBuildFile; fileRef = 1A98DB1B1C86E518003475B4 /* Assets.xcassets */; };
		1A98DB1F1C86E518003475B4 /* LaunchScreen.storyboard in Resources */ = {isa = PBXBuildFile; fileRef = 1A98DB1D1C86E518003475B4 /* LaunchScreen.storyboard */; };
		1A98DB531C86E7A8003475B4 /* HUDTools.m in Sources */ = {isa = PBXBuildFile; fileRef = 1A98DB501C86E7A8003475B4 /* HUDTools.m */; };
		1A98DB541C86E7A8003475B4 /* MBProgressHUD.m in Sources */ = {isa = PBXBuildFile; fileRef = 1A98DB521C86E7A8003475B4 /* MBProgressHUD.m */; };
		1A98DB6D1C86F0A7003475B4 /* JMAirKissShareTools.m in Sources */ = {isa = PBXBuildFile; fileRef = 1A98DB6C1C86F0A7003475B4 /* JMAirKissShareTools.m */; };
/* End PBXBuildFile section */

/* Begin PBXContainerItemProxy section */
		1A2115701D2F499900463A7B /* PBXContainerItemProxy */ = {
			isa = PBXContainerItemProxy;
			containerPortal = 1A21156B1D2F499900463A7B /* JMAirKiss.xcodeproj */;
			proxyType = 2;
			remoteGlobalIDString = 1A98DADE1C86DFB8003475B4;
			remoteInfo = JMAirKiss;
		};
/* End PBXContainerItemProxy section */

/* Begin PBXFileReference section */
		1A21156B1D2F499900463A7B /* JMAirKiss.xcodeproj */ = {isa = PBXFileReference; lastKnownFileType = "wrapper.pb-project"; name = JMAirKiss.xcodeproj; path = JMAirKiss/JMAirKiss.xcodeproj; sourceTree = SOURCE_ROOT; };
		1A98DB0C1C86E518003475B4 /* JMAirKissDemo.app */ = {isa = PBXFileReference; explicitFileType = wrapper.application; includeInIndex = 0; path = JMAirKissDemo.app; sourceTree = BUILT_PRODUCTS_DIR; };
		1A98DB101C86E518003475B4 /* main.m */ = {isa = PBXFileReference; lastKnownFileType = sourcecode.c.objc; path = main.m; sourceTree = "<group>"; };
		1A98DB121C86E518003475B4 /* AppDelegate.h */ = {isa = PBXFileReference; lastKnownFileType = sourcecode.c.h; path = AppDelegate.h; sourceTree = "<group>"; };
		1A98DB131C86E518003475B4 /* AppDelegate.m */ = {isa = PBXFileReference; lastKnownFileType = sourcecode.c.objc; path = AppDelegate.m; sourceTree = "<group>"; };
		1A98DB151C86E518003475B4 /* ViewController.h */ = {isa = PBXFileReference; lastKnownFileType = sourcecode.c.h; path = ViewController.h; sourceTree = "<group>"; };
		1A98DB161C86E518003475B4 /* ViewController.m */ = {isa = PBXFileReference; lastKnownFileType = sourcecode.c.objc; path = ViewController.m; sourceTree = "<group>"; };
		1A98DB191C86E518003475B4 /* Base */ = {isa = PBXFileReference; lastKnownFileType = file.storyboard; name = Base; path = Base.lproj/Main.storyboard; sourceTree = "<group>"; };
		1A98DB1B1C86E518003475B4 /* Assets.xcassets */ = {isa = PBXFileReference; lastKnownFileType = folder.assetcatalog; path = Assets.xcassets; sourceTree = "<group>"; };
		1A98DB1E1C86E518003475B4 /* Base */ = {isa = PBXFileReference; lastKnownFileType = file.storyboard; name = Base; path = Base.lproj/LaunchScreen.storyboard; sourceTree = "<group>"; };
		1A98DB201C86E518003475B4 /* Info.plist */ = {isa = PBXFileReference; lastKnownFileType = text.plist.xml; path = Info.plist; sourceTree = "<group>"; };
		1A98DB4F1C86E7A8003475B4 /* HUDTools.h */ = {isa = PBXFileReference; fileEncoding = 4; lastKnownFileType = sourcecode.c.h; path = HUDTools.h; sourceTree = "<group>"; };
		1A98DB501C86E7A8003475B4 /* HUDTools.m */ = {isa = PBXFileReference; fileEncoding = 4; lastKnownFileType = sourcecode.c.objc; path = HUDTools.m; sourceTree = "<group>"; };
		1A98DB511C86E7A8003475B4 /* MBProgressHUD.h */ = {isa = PBXFileReference; fileEncoding = 4; lastKnownFileType = sourcecode.c.h; path = MBProgressHUD.h; sourceTree = "<group>"; };
		1A98DB521C86E7A8003475B4 /* MBProgressHUD.m */ = {isa = PBXFileReference; fileEncoding = 4; lastKnownFileType = sourcecode.c.objc; path = MBProgressHUD.m; sourceTree = "<group>"; };
		1A98DB6B1C86F0A7003475B4 /* JMAirKissShareTools.h */ = {isa = PBXFileReference; fileEncoding = 4; lastKnownFileType = sourcecode.c.h; path = JMAirKissShareTools.h; sourceTree = "<group>"; };
		1A98DB6C1C86F0A7003475B4 /* JMAirKissShareTools.m */ = {isa = PBXFileReference; fileEncoding = 4; lastKnownFileType = sourcecode.c.objc; path = JMAirKissShareTools.m; sourceTree = "<group>"; };
/* End PBXFileReference section */

/* Begin PBXFrameworksBuildPhase section */
		1A98DB091C86E518003475B4 /* Frameworks */ = {
			isa = PBXFrameworksBuildPhase;
			buildActionMask = 2147483647;
			files = (
				1A2115721D2F49E100463A7B /* JMAirKiss.framework in Frameworks */,
			);
			runOnlyForDeploymentPostprocessing = 0;
		};
/* End PBXFrameworksBuildPhase section */

/* Begin PBXGroup section */
		1A2115461D2F498B00463A7B /* JMAirKiss */ = {
			isa = PBXGroup;
			children = (
				1A21156B1D2F499900463A7B /* JMAirKiss.xcodeproj */,
			);
			path = JMAirKiss;
			sourceTree = "<group>";
		};
		1A21156C1D2F499900463A7B /* Products */ = {
			isa = PBXGroup;
			children = (
				1A2115711D2F499900463A7B /* JMAirKiss.framework */,
			);
			name = Products;
			sourceTree = "<group>";
		};
		1A98DB031C86E518003475B4 = {
			isa = PBXGroup;
			children = (
				1A98DB0E1C86E518003475B4 /* JMAirKissDemo */,
				1A98DB0D1C86E518003475B4 /* Products */,
			);
			sourceTree = "<group>";
		};
		1A98DB0D1C86E518003475B4 /* Products */ = {
			isa = PBXGroup;
			children = (
				1A98DB0C1C86E518003475B4 /* JMAirKissDemo.app */,
			);
			name = Products;
			sourceTree = "<group>";
		};
		1A98DB0E1C86E518003475B4 /* JMAirKissDemo */ = {
			isa = PBXGroup;
			children = (
				1A2115461D2F498B00463A7B /* JMAirKiss */,
				1A98DB6A1C86F0A7003475B4 /* Utils */,
				1A98DB4E1C86E7A8003475B4 /* MBProgressHUD */,
				1A98DB121C86E518003475B4 /* AppDelegate.h */,
				1A98DB131C86E518003475B4 /* AppDelegate.m */,
				1A98DB151C86E518003475B4 /* ViewController.h */,
				1A98DB161C86E518003475B4 /* ViewController.m */,
				1A98DB181C86E518003475B4 /* Main.storyboard */,
				1A98DB1B1C86E518003475B4 /* Assets.xcassets */,
				1A98DB1D1C86E518003475B4 /* LaunchScreen.storyboard */,
				1A98DB201C86E518003475B4 /* Info.plist */,
				1A98DB0F1C86E518003475B4 /* Supporting Files */,
			);
			path = JMAirKissDemo;
			sourceTree = "<group>";
		};
		1A98DB0F1C86E518003475B4 /* Supporting Files */ = {
			isa = PBXGroup;
			children = (
				1A98DB101C86E518003475B4 /* main.m */,
			);
			name = "Supporting Files";
			sourceTree = "<group>";
		};
		1A98DB4E1C86E7A8003475B4 /* MBProgressHUD */ = {
			isa = PBXGroup;
			children = (
				1A98DB4F1C86E7A8003475B4 /* HUDTools.h */,
				1A98DB501C86E7A8003475B4 /* HUDTools.m */,
				1A98DB511C86E7A8003475B4 /* MBProgressHUD.h */,
				1A98DB521C86E7A8003475B4 /* MBProgressHUD.m */,
			);
			path = MBProgressHUD;
			sourceTree = "<group>";
		};
		1A98DB6A1C86F0A7003475B4 /* Utils */ = {
			isa = PBXGroup;
			children = (
				1A98DB6B1C86F0A7003475B4 /* JMAirKissShareTools.h */,
				1A98DB6C1C86F0A7003475B4 /* JMAirKissShareTools.m */,
			);
			path = Utils;
			sourceTree = "<group>";
		};
/* End PBXGroup section */

/* Begin PBXNativeTarget section */
		1A98DB0B1C86E518003475B4 /* JMAirKissDemo */ = {
			isa = PBXNativeTarget;
			buildConfigurationList = 1A98DB231C86E518003475B4 /* Build configuration list for PBXNativeTarget "JMAirKissDemo" */;
			buildPhases = (
				1A98DB081C86E518003475B4 /* Sources */,
				1A98DB091C86E518003475B4 /* Frameworks */,
				1A98DB0A1C86E518003475B4 /* Resources */,
			);
			buildRules = (
			);
			dependencies = (
			);
			name = JMAirKissDemo;
			productName = JMAirKissDemo;
			productReference = 1A98DB0C1C86E518003475B4 /* JMAirKissDemo.app */;
			productType = "com.apple.product-type.application";
		};
/* End PBXNativeTarget section */

/* Begin PBXProject section */
		1A98DB041C86E518003475B4 /* Project object */ = {
			isa = PBXProject;
			attributes = {
				LastUpgradeCheck = 0720;
				ORGANIZATIONNAME = shengxiao;
				TargetAttributes = {
					1A98DB0B1C86E518003475B4 = {
						CreatedOnToolsVersion = 7.2.1;
					};
				};
			};
			buildConfigurationList = 1A98DB071C86E518003475B4 /* Build configuration list for PBXProject "JMAirKissDemo" */;
			compatibilityVersion = "Xcode 3.2";
			developmentRegion = English;
			hasScannedForEncodings = 0;
			knownRegions = (
				en,
				Base,
			);
			mainGroup = 1A98DB031C86E518003475B4;
			productRefGroup = 1A98DB0D1C86E518003475B4 /* Products */;
			projectDirPath = "";
			projectReferences = (
				{
					ProductGroup = 1A21156C1D2F499900463A7B /* Products */;
					ProjectRef = 1A21156B1D2F499900463A7B /* JMAirKiss.xcodeproj */;
				},
			);
			projectRoot = "";
			targets = (
				1A98DB0B1C86E518003475B4 /* JMAirKissDemo */,
			);
		};
/* End PBXProject section */

/* Begin PBXReferenceProxy section */
		1A2115711D2F499900463A7B /* JMAirKiss.framework */ = {
			isa = PBXReferenceProxy;
			fileType = wrapper.framework;
			path = JMAirKiss.framework;
			remoteRef = 1A2115701D2F499900463A7B /* PBXContainerItemProxy */;
			sourceTree = BUILT_PRODUCTS_DIR;
		};
/* End PBXReferenceProxy section */

/* Begin PBXResourcesBuildPhase section */
		1A98DB0A1C86E518003475B4 /* Resources */ = {
			isa = PBXResourcesBuildPhase;
			buildActionMask = 2147483647;
			files = (
				1A98DB1F1C86E518003475B4 /* LaunchScreen.storyboard in Resources */,
				1A98DB1C1C86E518003475B4 /* Assets.xcassets in Resources */,
				1A98DB1A1C86E518003475B4 /* Main.storyboard in Resources */,
			);
			runOnlyForDeploymentPostprocessing = 0;
		};
/* End PBXResourcesBuildPhase section */

/* Begin PBXSourcesBuildPhase section */
		1A98DB081C86E518003475B4 /* Sources */ = {
			isa = PBXSourcesBuildPhase;
			buildActionMask = 2147483647;
			files = (
				1A98DB171C86E518003475B4 /* ViewController.m in Sources */,
				1A98DB6D1C86F0A7003475B4 /* JMAirKissShareTools.m in Sources */,
				1A98DB141C86E518003475B4 /* AppDelegate.m in Sources */,
				1A98DB541C86E7A8003475B4 /* MBProgressHUD.m in Sources */,
				1A98DB111C86E518003475B4 /* main.m in Sources */,
				1A98DB531C86E7A8003475B4 /* HUDTools.m in Sources */,
			);
			runOnlyForDeploymentPostprocessing = 0;
		};
/* End PBXSourcesBuildPhase section */

/* Begin PBXVariantGroup section */
		1A98DB181C86E518003475B4 /* Main.storyboard */ = {
			isa = PBXVariantGroup;
			children = (
				1A98DB191C86E518003475B4 /* Base */,
			);
			name = Main.storyboard;
			sourceTree = "<group>";
		};
		1A98DB1D1C86E518003475B4 /* LaunchScreen.storyboard */ = {
			isa = PBXVariantGroup;
			children = (
				1A98DB1E1C86E518003475B4 /* Base */,
			);
			name = LaunchScreen.storyboard;
			sourceTree = "<group>";
		};
/* End PBXVariantGroup section */

/* Begin XCBuildConfiguration section */
		1A98DB211C86E518003475B4 /* Debug */ = {
			isa = XCBuildConfiguration;
			buildSettings = {
				ALWAYS_SEARCH_USER_PATHS = NO;
				CLANG_CXX_LANGUAGE_STANDARD = "gnu++0x";
				CLANG_CXX_LIBRARY = "libc++";
				CLANG_ENABLE_MODULES = YES;
				CLANG_ENABLE_OBJC_ARC = YES;
				CLANG_WARN_BOOL_CONVERSION = YES;
				CLANG_WARN_CONSTANT_CONVERSION = YES;
				CLANG_WARN_DIRECT_OBJC_ISA_USAGE = YES_ERROR;
				CLANG_WARN_EMPTY_BODY = YES;
				CLANG_WARN_ENUM_CONVERSION = YES;
				CLANG_WARN_INT_CONVERSION = YES;
				CLANG_WARN_OBJC_ROOT_CLASS = YES_ERROR;
				CLANG_WARN_UNREACHABLE_CODE = YES;
				CLANG_WARN__DUPLICATE_METHOD_MATCH = YES;
				"CODE_SIGN_IDENTITY[sdk=iphoneos*]" = "iPhone Developer";
				COPY_PHASE_STRIP = NO;
				DEBUG_INFORMATION_FORMAT = dwarf;
				ENABLE_STRICT_OBJC_MSGSEND = YES;
				ENABLE_TESTABILITY = YES;
				GCC_C_LANGUAGE_STANDARD = gnu99;
				GCC_DYNAMIC_NO_PIC = NO;
				GCC_NO_COMMON_BLOCKS = YES;
				GCC_OPTIMIZATION_LEVEL = 0;
				GCC_PREPROCESSOR_DEFINITIONS = (
					"DEBUG=1",
					"$(inherited)",
				);
				GCC_WARN_64_TO_32_BIT_CONVERSION = YES;
				GCC_WARN_ABOUT_RETURN_TYPE = YES_ERROR;
				GCC_WARN_UNDECLARED_SELECTOR = YES;
				GCC_WARN_UNINITIALIZED_AUTOS = YES_AGGRESSIVE;
				GCC_WARN_UNUSED_FUNCTION = YES;
				GCC_WARN_UNUSED_VARIABLE = YES;
				IPHONEOS_DEPLOYMENT_TARGET = 7.0;
				MTL_ENABLE_DEBUG_INFO = YES;
				ONLY_ACTIVE_ARCH = YES;
				SDKROOT = iphoneos;
				TARGETED_DEVICE_FAMILY = "1,2";
			};
			name = Debug;
		};
		1A98DB221C86E518003475B4 /* Release */ = {
			isa = XCBuildConfiguration;
			buildSettings = {
				ALWAYS_SEARCH_USER_PATHS = NO;
				CLANG_CXX_LANGUAGE_STANDARD = "gnu++0x";
				CLANG_CXX_LIBRARY = "libc++";
				CLANG_ENABLE_MODULES = YES;
				CLANG_ENABLE_OBJC_ARC = YES;
				CLANG_WARN_BOOL_CONVERSION = YES;
				CLANG_WARN_CONSTANT_CONVERSION = YES;
				CLANG_WARN_DIRECT_OBJC_ISA_USAGE = YES_ERROR;
				CLANG_WARN_EMPTY_BODY = YES;
				CLANG_WARN_ENUM_CONVERSION = YES;
				CLANG_WARN_INT_CONVERSION = YES;
				CLANG_WARN_OBJC_ROOT_CLASS = YES_ERROR;
				CLANG_WARN_UNREACHABLE_CODE = YES;
				CLANG_WARN__DUPLICATE_METHOD_MATCH = YES;
				"CODE_SIGN_IDENTITY[sdk=iphoneos*]" = "iPhone Developer";
				COPY_PHASE_STRIP = NO;
				DEBUG_INFORMATION_FORMAT = "dwarf-with-dsym";
				ENABLE_NS_ASSERTIONS = NO;
				ENABLE_STRICT_OBJC_MSGSEND = YES;
				GCC_C_LANGUAGE_STANDARD = gnu99;
				GCC_NO_COMMON_BLOCKS = YES;
				GCC_WARN_64_TO_32_BIT_CONVERSION = YES;
				GCC_WARN_ABOUT_RETURN_TYPE = YES_ERROR;
				GCC_WARN_UNDECLARED_SELECTOR = YES;
				GCC_WARN_UNINITIALIZED_AUTOS = YES_AGGRESSIVE;
				GCC_WARN_UNUSED_FUNCTION = YES;
				GCC_WARN_UNUSED_VARIABLE = YES;
				IPHONEOS_DEPLOYMENT_TARGET = 7.0;
				MTL_ENABLE_DEBUG_INFO = NO;
				SDKROOT = iphoneos;
				TARGETED_DEVICE_FAMILY = "1,2";
				VALIDATE_PRODUCT = YES;
			};
			name = Release;
		};
		1A98DB241C86E518003475B4 /* Debug */ = {
			isa = XCBuildConfiguration;
			buildSettings = {
				ASSETCATALOG_COMPILER_APPICON_NAME = AppIcon;
				CODE_SIGN_IDENTITY = "iPhone Developer: Hu Yi (97EAP2ZUM4)";
				FRAMEWORK_SEARCH_PATHS = (
					"$(inherited)",
					"$(PROJECT_DIR)/JMAirKissDemo",
					"$(PROJECT_DIR)/JMAirKissDemo/JMAirKiss/Products",
					"$(PROJECT_DIR)/JMAirKiss/JMAirKiss/",
				);
				HEADER_SEARCH_PATHS = "$(PROJECT_DIR)/JMAirKiss/JMAirKiss/";
				INFOPLIST_FILE = JMAirKissDemo/Info.plist;
				LD_RUNPATH_SEARCH_PATHS = "$(inherited) @executable_path/Frameworks";
				PRODUCT_BUNDLE_IDENTIFIER = com.xp.test;
				PRODUCT_NAME = "$(TARGET_NAME)";
				PROVISIONING_PROFILE = "054b633c-c9b0-4bd6-9f38-a30c55a932dd";
			};
			name = Debug;
		};
		1A98DB251C86E518003475B4 /* Release */ = {
			isa = XCBuildConfiguration;
			buildSettings = {
				ASSETCATALOG_COMPILER_APPICON_NAME = AppIcon;
				CODE_SIGN_IDENTITY = "iPhone Developer: Hu Yi (97EAP2ZUM4)";
				FRAMEWORK_SEARCH_PATHS = (
					"$(inherited)",
					"$(PROJECT_DIR)/JMAirKissDemo",
					"$(PROJECT_DIR)/JMAirKissDemo/JMAirKiss/Products",
					"$(PROJECT_DIR)/JMAirKiss/JMAirKiss/",
				);
				HEADER_SEARCH_PATHS = "$(PROJECT_DIR)/JMAirKiss/JMAirKiss/";
				INFOPLIST_FILE = JMAirKissDemo/Info.plist;
				LD_RUNPATH_SEARCH_PATHS = "$(inherited) @executable_path/Frameworks";
				PRODUCT_BUNDLE_IDENTIFIER = com.xp.test;
				PRODUCT_NAME = "$(TARGET_NAME)";
				PROVISIONING_PROFILE = "054b633c-c9b0-4bd6-9f38-a30c55a932dd";
			};
			name = Release;
		};
/* End XCBuildConfiguration section */

/* Begin XCConfigurationList section */
		1A98DB071C86E518003475B4 /* Build configuration list for PBXProject "JMAirKissDemo" */ = {
			isa = XCConfigurationList;
			buildConfigurations = (
				1A98DB211C86E518003475B4 /* Debug */,
				1A98DB221C86E518003475B4 /* Release */,
			);
			defaultConfigurationIsVisible = 0;
			defaultConfigurationName = Release;
		};
		1A98DB231C86E518003475B4 /* Build configuration list for PBXNativeTarget "JMAirKissDemo" */ = {
			isa = XCConfigurationList;
			buildConfigurations = (
				1A98DB241C86E518003475B4 /* Debug */,
				1A98DB251C86E518003475B4 /* Release */,
			);
			defaultConfigurationIsVisible = 0;
			defaultConfigurationName = Release;
		};
/* End XCConfigurationList section */
	};
	rootObject = 1A98DB041C86E518003475B4 /* Project object */;
}
